// !$*UTF8*$!
{
	archiveVersion = 1;
	classes = {
	};
	objectVersion = 77;
	objects = {

/* Begin PBXBuildFile section */
		987CF5BF2CEA9480004E4F8B /* FirebaseAuth in Frameworks */ = {isa = PBXBuildFile; productRef = 987CF5BE2CEA9480004E4F8B /* FirebaseAuth */; };
		987CF5C72CEA9B76004E4F8B /* FirebaseFirestore in Frameworks */ = {isa = PBXBuildFile; productRef = 987CF5C62CEA9B76004E4F8B /* FirebaseFirestore */; };
		987CF5C92CEA9B81004E4F8B /* FirebaseFirestoreCombine-Community in Frameworks */ = {isa = PBXBuildFile; productRef = 987CF5C82CEA9B81004E4F8B /* FirebaseFirestoreCombine-Community */; };
/* End PBXBuildFile section */

/* Begin PBXContainerItemProxy section */
		E2882E2E2CDD0C240022A8D5 /* PBXContainerItemProxy */ = {
			isa = PBXContainerItemProxy;
			containerPortal = E2882E142CDD0C220022A8D5 /* Project object */;
			proxyType = 1;
			remoteGlobalIDString = E2882E1B2CDD0C220022A8D5;
			remoteInfo = MindGuard_ios;
		};
		E2882E382CDD0C240022A8D5 /* PBXContainerItemProxy */ = {
			isa = PBXContainerItemProxy;
			containerPortal = E2882E142CDD0C220022A8D5 /* Project object */;
			proxyType = 1;
			remoteGlobalIDString = E2882E1B2CDD0C220022A8D5;
			remoteInfo = MindGuard_ios;
		};
/* End PBXContainerItemProxy section */

/* Begin PBXFileReference section */
		E2882E1C2CDD0C220022A8D5 /* MindGuard_ios.app */ = {isa = PBXFileReference; explicitFileType = wrapper.application; includeInIndex = 0; path = MindGuard_ios.app; sourceTree = BUILT_PRODUCTS_DIR; };
		E2882E2D2CDD0C240022A8D5 /* MindGuard_iosTests.xctest */ = {isa = PBXFileReference; explicitFileType = wrapper.cfbundle; includeInIndex = 0; path = MindGuard_iosTests.xctest; sourceTree = BUILT_PRODUCTS_DIR; };
		E2882E372CDD0C240022A8D5 /* MindGuard_iosUITests.xctest */ = {isa = PBXFileReference; explicitFileType = wrapper.cfbundle; includeInIndex = 0; path = MindGuard_iosUITests.xctest; sourceTree = BUILT_PRODUCTS_DIR; };
/* End PBXFileReference section */

/* Begin PBXFileSystemSynchronizedRootGroup section */
		E2882E1E2CDD0C220022A8D5 /* MindGuard_ios */ = {
			isa = PBXFileSystemSynchronizedRootGroup;
			path = MindGuard_ios;
			sourceTree = "<group>";
		};
		E2882E302CDD0C240022A8D5 /* MindGuard_iosTests */ = {
			isa = PBXFileSystemSynchronizedRootGroup;
			path = MindGuard_iosTests;
			sourceTree = "<group>";
		};
		E2882E3A2CDD0C240022A8D5 /* MindGuard_iosUITests */ = {
			isa = PBXFileSystemSynchronizedRootGroup;
			path = MindGuard_iosUITests;
			sourceTree = "<group>";
		};
/* End PBXFileSystemSynchronizedRootGroup section */

/* Begin PBXFrameworksBuildPhase section */
		E2882E192CDD0C220022A8D5 /* Frameworks */ = {
			isa = PBXFrameworksBuildPhase;
			buildActionMask = 2147483647;
			files = (
				987CF5C92CEA9B81004E4F8B /* FirebaseFirestoreCombine-Community in Frameworks */,
				987CF5BF2CEA9480004E4F8B /* FirebaseAuth in Frameworks */,
				987CF5C72CEA9B76004E4F8B /* FirebaseFirestore in Frameworks */,
			);
			runOnlyForDeploymentPostprocessing = 0;
		};
		E2882E2A2CDD0C240022A8D5 /* Frameworks */ = {
			isa = PBXFrameworksBuildPhase;
			buildActionMask = 2147483647;
			files = (
			);
			runOnlyForDeploymentPostprocessing = 0;
		};
		E2882E342CDD0C240022A8D5 /* Frameworks */ = {
			isa = PBXFrameworksBuildPhase;
			buildActionMask = 2147483647;
			files = (
			);
			runOnlyForDeploymentPostprocessing = 0;
		};
/* End PBXFrameworksBuildPhase section */

/* Begin PBXGroup section */
		987CF5BD2CEA9480004E4F8B /* Frameworks */ = {
			isa = PBXGroup;
			children = (
			);
			name = Frameworks;
			sourceTree = "<group>";
		};
		E2882E132CDD0C220022A8D5 = {
			isa = PBXGroup;
			children = (
				E2882E1E2CDD0C220022A8D5 /* MindGuard_ios */,
				E2882E302CDD0C240022A8D5 /* MindGuard_iosTests */,
				E2882E3A2CDD0C240022A8D5 /* MindGuard_iosUITests */,
				987CF5BD2CEA9480004E4F8B /* Frameworks */,
				E2882E1D2CDD0C220022A8D5 /* Products */,
			);
			sourceTree = "<group>";
		};
		E2882E1D2CDD0C220022A8D5 /* Products */ = {
			isa = PBXGroup;
			children = (
				E2882E1C2CDD0C220022A8D5 /* MindGuard_ios.app */,
				E2882E2D2CDD0C240022A8D5 /* MindGuard_iosTests.xctest */,
				E2882E372CDD0C240022A8D5 /* MindGuard_iosUITests.xctest */,
			);
			name = Products;
			sourceTree = "<group>";
		};
/* End PBXGroup section */

/* Begin PBXNativeTarget section */
		E2882E1B2CDD0C220022A8D5 /* MindGuard_ios */ = {
			isa = PBXNativeTarget;
			buildConfigurationList = E2882E412CDD0C240022A8D5 /* Build configuration list for PBXNativeTarget "MindGuard_ios" */;
			buildPhases = (
				E2882E182CDD0C220022A8D5 /* Sources */,
				E2882E192CDD0C220022A8D5 /* Frameworks */,
				E2882E1A2CDD0C220022A8D5 /* Resources */,
			);
			buildRules = (
			);
			dependencies = (
			);
			fileSystemSynchronizedGroups = (
				E2882E1E2CDD0C220022A8D5 /* MindGuard_ios */,
			);
			name = MindGuard_ios;
			packageProductDependencies = (
				987CF5BE2CEA9480004E4F8B /* FirebaseAuth */,
				987CF5C62CEA9B76004E4F8B /* FirebaseFirestore */,
				987CF5C82CEA9B81004E4F8B /* FirebaseFirestoreCombine-Community */,
			);
			productName = MindGuard_ios;
			productReference = E2882E1C2CDD0C220022A8D5 /* MindGuard_ios.app */;
			productType = "com.apple.product-type.application";
		};
		E2882E2C2CDD0C240022A8D5 /* MindGuard_iosTests */ = {
			isa = PBXNativeTarget;
			buildConfigurationList = E2882E442CDD0C240022A8D5 /* Build configuration list for PBXNativeTarget "MindGuard_iosTests" */;
			buildPhases = (
				E2882E292CDD0C240022A8D5 /* Sources */,
				E2882E2A2CDD0C240022A8D5 /* Frameworks */,
				E2882E2B2CDD0C240022A8D5 /* Resources */,
			);
			buildRules = (
			);
			dependencies = (
				E2882E2F2CDD0C240022A8D5 /* PBXTargetDependency */,
			);
			fileSystemSynchronizedGroups = (
				E2882E302CDD0C240022A8D5 /* MindGuard_iosTests */,
			);
			name = MindGuard_iosTests;
			packageProductDependencies = (
			);
			productName = MindGuard_iosTests;
			productReference = E2882E2D2CDD0C240022A8D5 /* MindGuard_iosTests.xctest */;
			productType = "com.apple.product-type.bundle.unit-test";
		};
		E2882E362CDD0C240022A8D5 /* MindGuard_iosUITests */ = {
			isa = PBXNativeTarget;
			buildConfigurationList = E2882E472CDD0C240022A8D5 /* Build configuration list for PBXNativeTarget "MindGuard_iosUITests" */;
			buildPhases = (
				E2882E332CDD0C240022A8D5 /* Sources */,
				E2882E342CDD0C240022A8D5 /* Frameworks */,
				E2882E352CDD0C240022A8D5 /* Resources */,
			);
			buildRules = (
			);
			dependencies = (
				E2882E392CDD0C240022A8D5 /* PBXTargetDependency */,
			);
			fileSystemSynchronizedGroups = (
				E2882E3A2CDD0C240022A8D5 /* MindGuard_iosUITests */,
			);
			name = MindGuard_iosUITests;
			packageProductDependencies = (
			);
			productName = MindGuard_iosUITests;
			productReference = E2882E372CDD0C240022A8D5 /* MindGuard_iosUITests.xctest */;
			productType = "com.apple.product-type.bundle.ui-testing";
		};
/* End PBXNativeTarget section */

/* Begin PBXProject section */
		E2882E142CDD0C220022A8D5 /* Project object */ = {
			isa = PBXProject;
			attributes = {
				BuildIndependentTargetsInParallel = 1;
				LastSwiftUpdateCheck = 1610;
				LastUpgradeCheck = 1610;
				TargetAttributes = {
					E2882E1B2CDD0C220022A8D5 = {
						CreatedOnToolsVersion = 16.1;
					};
					E2882E2C2CDD0C240022A8D5 = {
						CreatedOnToolsVersion = 16.1;
						TestTargetID = E2882E1B2CDD0C220022A8D5;
					};
					E2882E362CDD0C240022A8D5 = {
						CreatedOnToolsVersion = 16.1;
						TestTargetID = E2882E1B2CDD0C220022A8D5;
					};
				};
			};
			buildConfigurationList = E2882E172CDD0C220022A8D5 /* Build configuration list for PBXProject "MindGuard_ios" */;
			developmentRegion = en;
			hasScannedForEncodings = 0;
			knownRegions = (
				en,
				Base,
			);
			mainGroup = E2882E132CDD0C220022A8D5;
			minimizedProjectReferenceProxies = 1;
			packageReferences = (
				987CF5B42CEA85E1004E4F8B /* XCRemoteSwiftPackageReference "firebase-ios-sdk" */,
			);
			preferredProjectObjectVersion = 77;
			productRefGroup = E2882E1D2CDD0C220022A8D5 /* Products */;
			projectDirPath = "";
			projectRoot = "";
			targets = (
				E2882E1B2CDD0C220022A8D5 /* MindGuard_ios */,
				E2882E2C2CDD0C240022A8D5 /* MindGuard_iosTests */,
				E2882E362CDD0C240022A8D5 /* MindGuard_iosUITests */,
			);
		};
/* End PBXProject section */

/* Begin PBXResourcesBuildPhase section */
		E2882E1A2CDD0C220022A8D5 /* Resources */ = {
			isa = PBXResourcesBuildPhase;
			buildActionMask = 2147483647;
			files = (
			);
			runOnlyForDeploymentPostprocessing = 0;
		};
		E2882E2B2CDD0C240022A8D5 /* Resources */ = {
			isa = PBXResourcesBuildPhase;
			buildActionMask = 2147483647;
			files = (
			);
			runOnlyForDeploymentPostprocessing = 0;
		};
		E2882E352CDD0C240022A8D5 /* Resources */ = {
			isa = PBXResourcesBuildPhase;
			buildActionMask = 2147483647;
			files = (
			);
			runOnlyForDeploymentPostprocessing = 0;
		};
/* End PBXResourcesBuildPhase section */

/* Begin PBXSourcesBuildPhase section */
		E2882E182CDD0C220022A8D5 /* Sources */ = {
			isa = PBXSourcesBuildPhase;
			buildActionMask = 2147483647;
			files = (
			);
			runOnlyForDeploymentPostprocessing = 0;
		};
		E2882E292CDD0C240022A8D5 /* Sources */ = {
			isa = PBXSourcesBuildPhase;
			buildActionMask = 2147483647;
			files = (
			);
			runOnlyForDeploymentPostprocessing = 0;
		};
		E2882E332CDD0C240022A8D5 /* Sources */ = {
			isa = PBXSourcesBuildPhase;
			buildActionMask = 2147483647;
			files = (
			);
			runOnlyForDeploymentPostprocessing = 0;
		};
/* End PBXSourcesBuildPhase section */

/* Begin PBXTargetDependency section */
		E2882E2F2CDD0C240022A8D5 /* PBXTargetDependency */ = {
			isa = PBXTargetDependency;
			target = E2882E1B2CDD0C220022A8D5 /* MindGuard_ios */;
			targetProxy = E2882E2E2CDD0C240022A8D5 /* PBXContainerItemProxy */;
		};
		E2882E392CDD0C240022A8D5 /* PBXTargetDependency */ = {
			isa = PBXTargetDependency;
			target = E2882E1B2CDD0C220022A8D5 /* MindGuard_ios */;
			targetProxy = E2882E382CDD0C240022A8D5 /* PBXContainerItemProxy */;
		};
/* End PBXTargetDependency section */

/* Begin XCBuildConfiguration section */
		E2882E3F2CDD0C240022A8D5 /* Debug */ = {
			isa = XCBuildConfiguration;
			buildSettings = {
				ALWAYS_SEARCH_USER_PATHS = NO;
				ASSETCATALOG_COMPILER_GENERATE_SWIFT_ASSET_SYMBOL_EXTENSIONS = YES;
				CLANG_ANALYZER_NONNULL = YES;
				CLANG_ANALYZER_NUMBER_OBJECT_CONVERSION = YES_AGGRESSIVE;
				CLANG_CXX_LANGUAGE_STANDARD = "gnu++20";
				CLANG_ENABLE_MODULES = YES;
				CLANG_ENABLE_OBJC_ARC = YES;
				CLANG_ENABLE_OBJC_WEAK = YES;
				CLANG_WARN_BLOCK_CAPTURE_AUTORELEASING = YES;
				CLANG_WARN_BOOL_CONVERSION = YES;
				CLANG_WARN_COMMA = YES;
				CLANG_WARN_CONSTANT_CONVERSION = YES;
				CLANG_WARN_DEPRECATED_OBJC_IMPLEMENTATIONS = YES;
				CLANG_WARN_DIRECT_OBJC_ISA_USAGE = YES_ERROR;
				CLANG_WARN_DOCUMENTATION_COMMENTS = YES;
				CLANG_WARN_EMPTY_BODY = YES;
				CLANG_WARN_ENUM_CONVERSION = YES;
				CLANG_WARN_INFINITE_RECURSION = YES;
				CLANG_WARN_INT_CONVERSION = YES;
				CLANG_WARN_NON_LITERAL_NULL_CONVERSION = YES;
				CLANG_WARN_OBJC_IMPLICIT_RETAIN_SELF = YES;
				CLANG_WARN_OBJC_LITERAL_CONVERSION = YES;
				CLANG_WARN_OBJC_ROOT_CLASS = YES_ERROR;
				CLANG_WARN_QUOTED_INCLUDE_IN_FRAMEWORK_HEADER = YES;
				CLANG_WARN_RANGE_LOOP_ANALYSIS = YES;
				CLANG_WARN_STRICT_PROTOTYPES = YES;
				CLANG_WARN_SUSPICIOUS_MOVE = YES;
				CLANG_WARN_UNGUARDED_AVAILABILITY = YES_AGGRESSIVE;
				CLANG_WARN_UNREACHABLE_CODE = YES;
				CLANG_WARN__DUPLICATE_METHOD_MATCH = YES;
				COPY_PHASE_STRIP = NO;
				DEBUG_INFORMATION_FORMAT = dwarf;
				ENABLE_STRICT_OBJC_MSGSEND = YES;
				ENABLE_TESTABILITY = YES;
				ENABLE_USER_SCRIPT_SANDBOXING = YES;
				GCC_C_LANGUAGE_STANDARD = gnu17;
				GCC_DYNAMIC_NO_PIC = NO;
				GCC_NO_COMMON_BLOCKS = YES;
				GCC_OPTIMIZATION_LEVEL = 0;
				GCC_PREPROCESSOR_DEFINITIONS = (
					"DEBUG=1",
					"$(inherited)",
				);
				GCC_WARN_64_TO_32_BIT_CONVERSION = YES;
				GCC_WARN_ABOUT_RETURN_TYPE = YES_ERROR;
				GCC_WARN_UNDECLARED_SELECTOR = YES;
				GCC_WARN_UNINITIALIZED_AUTOS = YES_AGGRESSIVE;
				GCC_WARN_UNUSED_FUNCTION = YES;
				GCC_WARN_UNUSED_VARIABLE = YES;
				LOCALIZATION_PREFERS_STRING_CATALOGS = YES;
				MTL_ENABLE_DEBUG_INFO = INCLUDE_SOURCE;
				MTL_FAST_MATH = YES;
				ONLY_ACTIVE_ARCH = YES;
				SWIFT_ACTIVE_COMPILATION_CONDITIONS = "DEBUG $(inherited)";
				SWIFT_OPTIMIZATION_LEVEL = "-Onone";
			};
			name = Debug;
		};
		E2882E402CDD0C240022A8D5 /* Release */ = {
			isa = XCBuildConfiguration;
			buildSettings = {
				ALWAYS_SEARCH_USER_PATHS = NO;
				ASSETCATALOG_COMPILER_GENERATE_SWIFT_ASSET_SYMBOL_EXTENSIONS = YES;
				CLANG_ANALYZER_NONNULL = YES;
				CLANG_ANALYZER_NUMBER_OBJECT_CONVERSION = YES_AGGRESSIVE;
				CLANG_CXX_LANGUAGE_STANDARD = "gnu++20";
				CLANG_ENABLE_MODULES = YES;
				CLANG_ENABLE_OBJC_ARC = YES;
				CLANG_ENABLE_OBJC_WEAK = YES;
				CLANG_WARN_BLOCK_CAPTURE_AUTORELEASING = YES;
				CLANG_WARN_BOOL_CONVERSION = YES;
				CLANG_WARN_COMMA = YES;
				CLANG_WARN_CONSTANT_CONVERSION = YES;
				CLANG_WARN_DEPRECATED_OBJC_IMPLEMENTATIONS = YES;
				CLANG_WARN_DIRECT_OBJC_ISA_USAGE = YES_ERROR;
				CLANG_WARN_DOCUMENTATION_COMMENTS = YES;
				CLANG_WARN_EMPTY_BODY = YES;
				CLANG_WARN_ENUM_CONVERSION = YES;
				CLANG_WARN_INFINITE_RECURSION = YES;
				CLANG_WARN_INT_CONVERSION = YES;
				CLANG_WARN_NON_LITERAL_NULL_CONVERSION = YES;
				CLANG_WARN_OBJC_IMPLICIT_RETAIN_SELF = YES;
				CLANG_WARN_OBJC_LITERAL_CONVERSION = YES;
				CLANG_WARN_OBJC_ROOT_CLASS = YES_ERROR;
				CLANG_WARN_QUOTED_INCLUDE_IN_FRAMEWORK_HEADER = YES;
				CLANG_WARN_RANGE_LOOP_ANALYSIS = YES;
				CLANG_WARN_STRICT_PROTOTYPES = YES;
				CLANG_WARN_SUSPICIOUS_MOVE = YES;
				CLANG_WARN_UNGUARDED_AVAILABILITY = YES_AGGRESSIVE;
				CLANG_WARN_UNREACHABLE_CODE = YES;
				CLANG_WARN__DUPLICATE_METHOD_MATCH = YES;
				COPY_PHASE_STRIP = NO;
				DEBUG_INFORMATION_FORMAT = "dwarf-with-dsym";
				ENABLE_NS_ASSERTIONS = NO;
				ENABLE_STRICT_OBJC_MSGSEND = YES;
				ENABLE_USER_SCRIPT_SANDBOXING = YES;
				GCC_C_LANGUAGE_STANDARD = gnu17;
				GCC_NO_COMMON_BLOCKS = YES;
				GCC_WARN_64_TO_32_BIT_CONVERSION = YES;
				GCC_WARN_ABOUT_RETURN_TYPE = YES_ERROR;
				GCC_WARN_UNDECLARED_SELECTOR = YES;
				GCC_WARN_UNINITIALIZED_AUTOS = YES_AGGRESSIVE;
				GCC_WARN_UNUSED_FUNCTION = YES;
				GCC_WARN_UNUSED_VARIABLE = YES;
				LOCALIZATION_PREFERS_STRING_CATALOGS = YES;
				MTL_ENABLE_DEBUG_INFO = NO;
				MTL_FAST_MATH = YES;
				SWIFT_COMPILATION_MODE = wholemodule;
			};
			name = Release;
		};
		E2882E422CDD0C240022A8D5 /* Debug */ = {
			isa = XCBuildConfiguration;
			buildSettings = {
				ASSETCATALOG_COMPILER_APPICON_NAME = AppIcon;
				ASSETCATALOG_COMPILER_GLOBAL_ACCENT_COLOR_NAME = AccentColor;
				CODE_SIGN_ENTITLEMENTS = MindGuard_ios/MindGuard_ios.entitlements;
				CODE_SIGN_STYLE = Automatic;
				CURRENT_PROJECT_VERSION = 1;
				DEVELOPMENT_ASSET_PATHS = "\"MindGuard_ios/Preview Content\"";
				DEVELOPMENT_TEAM = 393JR8W4PP;
				ENABLE_HARDENED_RUNTIME = YES;
				ENABLE_PREVIEWS = YES;
				GENERATE_INFOPLIST_FILE = YES;
				"INFOPLIST_KEY_UIApplicationSceneManifest_Generation[sdk=iphoneos*]" = YES;
				"INFOPLIST_KEY_UIApplicationSceneManifest_Generation[sdk=iphonesimulator*]" = YES;
				"INFOPLIST_KEY_UIApplicationSupportsIndirectInputEvents[sdk=iphoneos*]" = YES;
				"INFOPLIST_KEY_UIApplicationSupportsIndirectInputEvents[sdk=iphonesimulator*]" = YES;
				"INFOPLIST_KEY_UILaunchScreen_Generation[sdk=iphoneos*]" = YES;
				"INFOPLIST_KEY_UILaunchScreen_Generation[sdk=iphonesimulator*]" = YES;
				"INFOPLIST_KEY_UIStatusBarStyle[sdk=iphoneos*]" = UIStatusBarStyleDefault;
				"INFOPLIST_KEY_UIStatusBarStyle[sdk=iphonesimulator*]" = UIStatusBarStyleDefault;
				INFOPLIST_KEY_UISupportedInterfaceOrientations_iPad = "UIInterfaceOrientationPortrait UIInterfaceOrientationPortraitUpsideDown UIInterfaceOrientationLandscapeLeft UIInterfaceOrientationLandscapeRight";
				INFOPLIST_KEY_UISupportedInterfaceOrientations_iPhone = "UIInterfaceOrientationPortrait UIInterfaceOrientationLandscapeLeft UIInterfaceOrientationLandscapeRight";
				IPHONEOS_DEPLOYMENT_TARGET = 16.6;
				LD_RUNPATH_SEARCH_PATHS = "@executable_path/Frameworks";
				"LD_RUNPATH_SEARCH_PATHS[sdk=macosx*]" = "@executable_path/../Frameworks";
				MACOSX_DEPLOYMENT_TARGET = 15.0;
				MARKETING_VERSION = 1.0;
				PRODUCT_BUNDLE_IDENTIFIER = "sample.MindGuard-ios";
				PRODUCT_NAME = "$(TARGET_NAME)";
				SDKROOT = auto;
				SUPPORTED_PLATFORMS = "iphoneos iphonesimulator";
				SUPPORTS_MACCATALYST = NO;
				SWIFT_EMIT_LOC_STRINGS = YES;
				SWIFT_VERSION = 5.0;
				TARGETED_DEVICE_FAMILY = 1;
				XROS_DEPLOYMENT_TARGET = 2.1;
			};
			name = Debug;
		};
		E2882E432CDD0C240022A8D5 /* Release */ = {
			isa = XCBuildConfiguration;
			buildSettings = {
				ASSETCATALOG_COMPILER_APPICON_NAME = AppIcon;
				ASSETCATALOG_COMPILER_GLOBAL_ACCENT_COLOR_NAME = AccentColor;
				CODE_SIGN_ENTITLEMENTS = MindGuard_ios/MindGuard_ios.entitlements;
				CODE_SIGN_STYLE = Automatic;
				CURRENT_PROJECT_VERSION = 1;
				DEVELOPMENT_ASSET_PATHS = "\"MindGuard_ios/Preview Content\"";
				DEVELOPMENT_TEAM = 393JR8W4PP;
				ENABLE_HARDENED_RUNTIME = YES;
				ENABLE_PREVIEWS = YES;
				GENERATE_INFOPLIST_FILE = YES;
				"INFOPLIST_KEY_UIApplicationSceneManifest_Generation[sdk=iphoneos*]" = YES;
				"INFOPLIST_KEY_UIApplicationSceneManifest_Generation[sdk=iphonesimulator*]" = YES;
				"INFOPLIST_KEY_UIApplicationSupportsIndirectInputEvents[sdk=iphoneos*]" = YES;
				"INFOPLIST_KEY_UIApplicationSupportsIndirectInputEvents[sdk=iphonesimulator*]" = YES;
				"INFOPLIST_KEY_UILaunchScreen_Generation[sdk=iphoneos*]" = YES;
				"INFOPLIST_KEY_UILaunchScreen_Generation[sdk=iphonesimulator*]" = YES;
				"INFOPLIST_KEY_UIStatusBarStyle[sdk=iphoneos*]" = UIStatusBarStyleDefault;
				"INFOPLIST_KEY_UIStatusBarStyle[sdk=iphonesimulator*]" = UIStatusBarStyleDefault;
				INFOPLIST_KEY_UISupportedInterfaceOrientations_iPad = "UIInterfaceOrientationPortrait UIInterfaceOrientationPortraitUpsideDown UIInterfaceOrientationLandscapeLeft UIInterfaceOrientationLandscapeRight";
				INFOPLIST_KEY_UISupportedInterfaceOrientations_iPhone = "UIInterfaceOrientationPortrait UIInterfaceOrientationLandscapeLeft UIInterfaceOrientationLandscapeRight";
				IPHONEOS_DEPLOYMENT_TARGET = 16.6;
				LD_RUNPATH_SEARCH_PATHS = "@executable_path/Frameworks";
				"LD_RUNPATH_SEARCH_PATHS[sdk=macosx*]" = "@executable_path/../Frameworks";
				MACOSX_DEPLOYMENT_TARGET = 15.0;
				MARKETING_VERSION = 1.0;
				PRODUCT_BUNDLE_IDENTIFIER = "sample.MindGuard-ios";
				PRODUCT_NAME = "$(TARGET_NAME)";
				SDKROOT = auto;
				SUPPORTED_PLATFORMS = "iphoneos iphonesimulator";
				SUPPORTS_MACCATALYST = NO;
				SWIFT_EMIT_LOC_STRINGS = YES;
				SWIFT_VERSION = 5.0;
				TARGETED_DEVICE_FAMILY = 1;
				XROS_DEPLOYMENT_TARGET = 2.1;
			};
			name = Release;
		};
		E2882E452CDD0C240022A8D5 /* Debug */ = {
			isa = XCBuildConfiguration;
			buildSettings = {
				BUNDLE_LOADER = "$(TEST_HOST)";
				CODE_SIGN_STYLE = Automatic;
				CURRENT_PROJECT_VERSION = 1;
				DEVELOPMENT_TEAM = 393JR8W4PP;
				GENERATE_INFOPLIST_FILE = YES;
				IPHONEOS_DEPLOYMENT_TARGET = 18.1;
				MACOSX_DEPLOYMENT_TARGET = 15.0;
				MARKETING_VERSION = 1.0;
				PRODUCT_BUNDLE_IDENTIFIER = "sample.MindGuard-iosTests";
				PRODUCT_NAME = "$(TARGET_NAME)";
				SDKROOT = auto;
				SUPPORTED_PLATFORMS = "iphoneos iphonesimulator macosx xros xrsimulator";
				SWIFT_EMIT_LOC_STRINGS = NO;
				SWIFT_VERSION = 5.0;
				TARGETED_DEVICE_FAMILY = "1,2,7";
				TEST_HOST = "$(BUILT_PRODUCTS_DIR)/MindGuard_ios.app/$(BUNDLE_EXECUTABLE_FOLDER_PATH)/MindGuard_ios";
				XROS_DEPLOYMENT_TARGET = 2.1;
			};
			name = Debug;
		};
		E2882E462CDD0C240022A8D5 /* Release */ = {
			isa = XCBuildConfiguration;
			buildSettings = {
				BUNDLE_LOADER = "$(TEST_HOST)";
				CODE_SIGN_STYLE = Automatic;
				CURRENT_PROJECT_VERSION = 1;
				DEVELOPMENT_TEAM = 393JR8W4PP;
				GENERATE_INFOPLIST_FILE = YES;
				IPHONEOS_DEPLOYMENT_TARGET = 18.1;
				MACOSX_DEPLOYMENT_TARGET = 15.0;
				MARKETING_VERSION = 1.0;
				PRODUCT_BUNDLE_IDENTIFIER = "sample.MindGuard-iosTests";
				PRODUCT_NAME = "$(TARGET_NAME)";
				SDKROOT = auto;
				SUPPORTED_PLATFORMS = "iphoneos iphonesimulator macosx xros xrsimulator";
				SWIFT_EMIT_LOC_STRINGS = NO;
				SWIFT_VERSION = 5.0;
				TARGETED_DEVICE_FAMILY = "1,2,7";
				TEST_HOST = "$(BUILT_PRODUCTS_DIR)/MindGuard_ios.app/$(BUNDLE_EXECUTABLE_FOLDER_PATH)/MindGuard_ios";
				XROS_DEPLOYMENT_TARGET = 2.1;
			};
			name = Release;
		};
		E2882E482CDD0C240022A8D5 /* Debug */ = {
			isa = XCBuildConfiguration;
			buildSettings = {
				CODE_SIGN_STYLE = Automatic;
				CURRENT_PROJECT_VERSION = 1;
				DEVELOPMENT_TEAM = 393JR8W4PP;
				GENERATE_INFOPLIST_FILE = YES;
				IPHONEOS_DEPLOYMENT_TARGET = 18.1;
				MACOSX_DEPLOYMENT_TARGET = 15.0;
				MARKETING_VERSION = 1.0;
				PRODUCT_BUNDLE_IDENTIFIER = "sample.MindGuard-iosUITests";
				PRODUCT_NAME = "$(TARGET_NAME)";
				SDKROOT = auto;
				SUPPORTED_PLATFORMS = "iphoneos iphonesimulator macosx xros xrsimulator";
				SWIFT_EMIT_LOC_STRINGS = NO;
				SWIFT_VERSION = 5.0;
				TARGETED_DEVICE_FAMILY = "1,2,7";
				TEST_TARGET_NAME = MindGuard_ios;
				XROS_DEPLOYMENT_TARGET = 2.1;
			};
			name = Debug;
		};
		E2882E492CDD0C240022A8D5 /* Release */ = {
			isa = XCBuildConfiguration;
			buildSettings = {
				CODE_SIGN_STYLE = Automatic;
				CURRENT_PROJECT_VERSION = 1;
				DEVELOPMENT_TEAM = 393JR8W4PP;
				GENERATE_INFOPLIST_FILE = YES;
				IPHONEOS_DEPLOYMENT_TARGET = 18.1;
				MACOSX_DEPLOYMENT_TARGET = 15.0;
				MARKETING_VERSION = 1.0;
				PRODUCT_BUNDLE_IDENTIFIER = "sample.MindGuard-iosUITests";
				PRODUCT_NAME = "$(TARGET_NAME)";
				SDKROOT = auto;
				SUPPORTED_PLATFORMS = "iphoneos iphonesimulator macosx xros xrsimulator";
				SWIFT_EMIT_LOC_STRINGS = NO;
				SWIFT_VERSION = 5.0;
				TARGETED_DEVICE_FAMILY = "1,2,7";
				TEST_TARGET_NAME = MindGuard_ios;
				XROS_DEPLOYMENT_TARGET = 2.1;
			};
			name = Release;
		};
/* End XCBuildConfiguration section */

/* Begin XCConfigurationList section */
		E2882E172CDD0C220022A8D5 /* Build configuration list for PBXProject "MindGuard_ios" */ = {
			isa = XCConfigurationList;
			buildConfigurations = (
				E2882E3F2CDD0C240022A8D5 /* Debug */,
				E2882E402CDD0C240022A8D5 /* Release */,
			);
			defaultConfigurationIsVisible = 0;
			defaultConfigurationName = Release;
		};
		E2882E412CDD0C240022A8D5 /* Build configuration list for PBXNativeTarget "MindGuard_ios" */ = {
			isa = XCConfigurationList;
			buildConfigurations = (
				E2882E422CDD0C240022A8D5 /* Debug */,
				E2882E432CDD0C240022A8D5 /* Release */,
			);
			defaultConfigurationIsVisible = 0;
			defaultConfigurationName = Release;
		};
		E2882E442CDD0C240022A8D5 /* Build configuration list for PBXNativeTarget "MindGuard_iosTests" */ = {
			isa = XCConfigurationList;
			buildConfigurations = (
				E2882E452CDD0C240022A8D5 /* Debug */,
				E2882E462CDD0C240022A8D5 /* Release */,
			);
			defaultConfigurationIsVisible = 0;
			defaultConfigurationName = Release;
		};
		E2882E472CDD0C240022A8D5 /* Build configuration list for PBXNativeTarget "MindGuard_iosUITests" */ = {
			isa = XCConfigurationList;
			buildConfigurations = (
				E2882E482CDD0C240022A8D5 /* Debug */,
				E2882E492CDD0C240022A8D5 /* Release */,
			);
			defaultConfigurationIsVisible = 0;
			defaultConfigurationName = Release;
		};
/* End XCConfigurationList section */

/* Begin XCRemoteSwiftPackageReference section */
		987CF5B42CEA85E1004E4F8B /* XCRemoteSwiftPackageReference "firebase-ios-sdk" */ = {
			isa = XCRemoteSwiftPackageReference;
			repositoryURL = "https://github.com/firebase/firebase-ios-sdk";
			requirement = {
				kind = upToNextMajorVersion;
				minimumVersion = 11.5.0;
			};
		};
/* End XCRemoteSwiftPackageReference section */

/* Begin XCSwiftPackageProductDependency section */
		987CF5BE2CEA9480004E4F8B /* FirebaseAuth */ = {
			isa = XCSwiftPackageProductDependency;
			package = 987CF5B42CEA85E1004E4F8B /* XCRemoteSwiftPackageReference "firebase-ios-sdk" */;
			productName = FirebaseAuth;
		};
		987CF5C62CEA9B76004E4F8B /* FirebaseFirestore */ = {
			isa = XCSwiftPackageProductDependency;
			package = 987CF5B42CEA85E1004E4F8B /* XCRemoteSwiftPackageReference "firebase-ios-sdk" */;
			productName = FirebaseFirestore;
		};
		987CF5C82CEA9B81004E4F8B /* FirebaseFirestoreCombine-Community */ = {
			isa = XCSwiftPackageProductDependency;
			package = 987CF5B42CEA85E1004E4F8B /* XCRemoteSwiftPackageReference "firebase-ios-sdk" */;
			productName = "FirebaseFirestoreCombine-Community";
		};
/* End XCSwiftPackageProductDependency section */
	};
	rootObject = E2882E142CDD0C220022A8D5 /* Project object */;
}
